
Microsoft Visual Studio Solution File, Format Version 12.00
# Visual Studio Version 17
VisualStudioVersion = 17.8.34330.188
MinimumVisualStudioVersion = 10.0.40219.1
Project("{9A19103F-16F7-4668-BE54-9A1E7A4F7556}") = "Books_New.Entities", "Books_New.Entities\Books_New.Entities.csproj", "{437399EF-4056-4705-ADD4-770366F25157}"
EndProject
Project("{9A19103F-16F7-4668-BE54-9A1E7A4F7556}") = "Books_New.DataAccess", "Books_New.DataAccess\Books_New.DataAccess.csproj", "{E262F5BE-8F1D-4B6C-9157-C81E50CCD536}"
EndProject
Project("{9A19103F-16F7-4668-BE54-9A1E7A4F7556}") = "Books_New.Application", "Books_New.Application\Books_New.Application.csproj", "{D6449727-3F33-4BDD-A0E2-58F7C5AC0F0C}"
EndProject
Project("{9A19103F-16F7-4668-BE54-9A1E7A4F7556}") = "Books_New.Console", "Books_New.Console\Books_New.Console.csproj", "{E21FD31E-9B21-468A-BE3B-198B06711C53}"
EndProject
Global
	GlobalSection(SolutionConfigurationPlatforms) = preSolution
		Debug|Any CPU = Debug|Any CPU
		Release|Any CPU = Release|Any CPU
	EndGlobalSection
	GlobalSection(ProjectConfigurationPlatforms) = postSolution
		{437399EF-4056-4705-ADD4-770366F25157}.Debug|Any CPU.ActiveCfg = Debug|Any CPU
		{437399EF-4056-4705-ADD4-770366F25157}.Debug|Any CPU.Build.0 = Debug|Any CPU
		{437399EF-4056-4705-ADD4-770366F25157}.Release|Any CPU.ActiveCfg = Release|Any CPU
		{437399EF-4056-4705-ADD4-770366F25157}.Release|Any CPU.Build.0 = Release|Any CPU
		{E262F5BE-8F1D-4B6C-9157-C81E50CCD536}.Debug|Any CPU.ActiveCfg = Debug|Any CPU
		{E262F5BE-8F1D-4B6C-9157-C81E50CCD536}.Debug|Any CPU.Build.0 = Debug|Any CPU
		{E262F5BE-8F1D-4B6C-9157-C81E50CCD536}.Release|Any CPU.ActiveCfg = Release|Any CPU
		{E262F5BE-8F1D-4B6C-9157-C81E50CCD536}.Release|Any CPU.Build.0 = Release|Any CPU
		{D6449727-3F33-4BDD-A0E2-58F7C5AC0F0C}.Debug|Any CPU.ActiveCfg = Debug|Any CPU
		{D6449727-3F33-4BDD-A0E2-58F7C5AC0F0C}.Debug|Any CPU.Build.0 = Debug|Any CPU
		{D6449727-3F33-4BDD-A0E2-58F7C5AC0F0C}.Release|Any CPU.ActiveCfg = Release|Any CPU
		{D6449727-3F33-4BDD-A0E2-58F7C5AC0F0C}.Release|Any CPU.Build.0 = Release|Any CPU
		{E21FD31E-9B21-468A-BE3B-198B06711C53}.Debug|Any CPU.ActiveCfg = Debug|Any CPU
		{E21FD31E-9B21-468A-BE3B-198B06711C53}.Debug|Any CPU.Build.0 = Debug|Any CPU
		{E21FD31E-9B21-468A-BE3B-198B06711C53}.Release|Any CPU.ActiveCfg = Release|Any CPU
		{E21FD31E-9B21-468A-BE3B-198B06711C53}.Release|Any CPU.Build.0 = Release|Any CPU
	EndGlobalSection
	GlobalSection(SolutionProperties) = preSolution
		HideSolutionNode = FALSE
	EndGlobalSection
	GlobalSection(ExtensibilityGlobals) = postSolution
		SolutionGuid = {95F5A4E9-18CF-46EA-94B8-8C734F5E840A}
	EndGlobalSection
EndGlobal
