
Microsoft Visual Studio Solution File, Format Version 12.00
# Visual Studio Version 17
VisualStudioVersion = 17.8.34330.188
MinimumVisualStudioVersion = 10.0.40219.1
Project("{9A19103F-16F7-4668-BE54-9A1E7A4F7556}") = "Books_New", "Books_New\Books_New.csproj", "{7608CEDE-FC99-4421-9B4E-80B47A6EE615}"
EndProject
Project("{FAE04EC0-301F-11D3-BF4B-00C04F79EFBC}") = "Contracts", "Contracts\Contracts.csproj", "{FF7D8A7B-44A1-406A-A264-46280BB7057B}"
EndProject
Project("{FAE04EC0-301F-11D3-BF4B-00C04F79EFBC}") = "Entities", "Entities\Entities.csproj", "{8D5E7D10-0F0E-4CBD-92CD-B606EAC97438}"
EndProject
Project("{FAE04EC0-301F-11D3-BF4B-00C04F79EFBC}") = "Repository", "Repository\Repository.csproj", "{FDA7DD6F-7156-4AA4-B3E7-C73B37445010}"
EndProject
Project("{FAE04EC0-301F-11D3-BF4B-00C04F79EFBC}") = "Service.Contracts", "Service.Contracts\Service.Contracts.csproj", "{DCB09EF9-9BA7-415E-8601-E1DB196A564A}"
EndProject
Project("{FAE04EC0-301F-11D3-BF4B-00C04F79EFBC}") = "Service", "Service\Service.csproj", "{D1C3442C-4410-4A39-B88F-90EF0A5452EF}"
EndProject
Global
	GlobalSection(SolutionConfigurationPlatforms) = preSolution
		Debug|Any CPU = Debug|Any CPU
		Release|Any CPU = Release|Any CPU
	EndGlobalSection
	GlobalSection(ProjectConfigurationPlatforms) = postSolution
		{7608CEDE-FC99-4421-9B4E-80B47A6EE615}.Debug|Any CPU.ActiveCfg = Debug|Any CPU
		{7608CEDE-FC99-4421-9B4E-80B47A6EE615}.Debug|Any CPU.Build.0 = Debug|Any CPU
		{7608CEDE-FC99-4421-9B4E-80B47A6EE615}.Release|Any CPU.ActiveCfg = Release|Any CPU
		{7608CEDE-FC99-4421-9B4E-80B47A6EE615}.Release|Any CPU.Build.0 = Release|Any CPU
		{FF7D8A7B-44A1-406A-A264-46280BB7057B}.Debug|Any CPU.ActiveCfg = Debug|Any CPU
		{FF7D8A7B-44A1-406A-A264-46280BB7057B}.Debug|Any CPU.Build.0 = Debug|Any CPU
		{FF7D8A7B-44A1-406A-A264-46280BB7057B}.Release|Any CPU.ActiveCfg = Release|Any CPU
		{FF7D8A7B-44A1-406A-A264-46280BB7057B}.Release|Any CPU.Build.0 = Release|Any CPU
		{8D5E7D10-0F0E-4CBD-92CD-B606EAC97438}.Debug|Any CPU.ActiveCfg = Debug|Any CPU
		{8D5E7D10-0F0E-4CBD-92CD-B606EAC97438}.Debug|Any CPU.Build.0 = Debug|Any CPU
		{8D5E7D10-0F0E-4CBD-92CD-B606EAC97438}.Release|Any CPU.ActiveCfg = Release|Any CPU
		{8D5E7D10-0F0E-4CBD-92CD-B606EAC97438}.Release|Any CPU.Build.0 = Release|Any CPU
		{FDA7DD6F-7156-4AA4-B3E7-C73B37445010}.Debug|Any CPU.ActiveCfg = Debug|Any CPU
		{FDA7DD6F-7156-4AA4-B3E7-C73B37445010}.Debug|Any CPU.Build.0 = Debug|Any CPU
		{FDA7DD6F-7156-4AA4-B3E7-C73B37445010}.Release|Any CPU.ActiveCfg = Release|Any CPU
		{FDA7DD6F-7156-4AA4-B3E7-C73B37445010}.Release|Any CPU.Build.0 = Release|Any CPU
		{DCB09EF9-9BA7-415E-8601-E1DB196A564A}.Debug|Any CPU.ActiveCfg = Debug|Any CPU
		{DCB09EF9-9BA7-415E-8601-E1DB196A564A}.Debug|Any CPU.Build.0 = Debug|Any CPU
		{DCB09EF9-9BA7-415E-8601-E1DB196A564A}.Release|Any CPU.ActiveCfg = Release|Any CPU
		{DCB09EF9-9BA7-415E-8601-E1DB196A564A}.Release|Any CPU.Build.0 = Release|Any CPU
		{D1C3442C-4410-4A39-B88F-90EF0A5452EF}.Debug|Any CPU.ActiveCfg = Debug|Any CPU
		{D1C3442C-4410-4A39-B88F-90EF0A5452EF}.Debug|Any CPU.Build.0 = Debug|Any CPU
		{D1C3442C-4410-4A39-B88F-90EF0A5452EF}.Release|Any CPU.ActiveCfg = Release|Any CPU
		{D1C3442C-4410-4A39-B88F-90EF0A5452EF}.Release|Any CPU.Build.0 = Release|Any CPU
	EndGlobalSection
	GlobalSection(SolutionProperties) = preSolution
		HideSolutionNode = FALSE
	EndGlobalSection
	GlobalSection(ExtensibilityGlobals) = postSolution
		SolutionGuid = {95F5A4E9-18CF-46EA-94B8-8C734F5E840A}
	EndGlobalSection
EndGlobal
